
Microsoft Visual Studio Solution File, Format Version 12.00
# Visual Studio Version 18
VisualStudioVersion = 18.0.11217.181
MinimumVisualStudioVersion = 10.0.40219.1
Project("{FAE04EC0-301F-11D3-BF4B-00C04F79EFBC}") = "Reservations", "Reservation\Reservations.csproj", "{7559A311-6BE4-0C94-9958-BB31393B43B4}"
EndProject
Project("{FAE04EC0-301F-11D3-BF4B-00C04F79EFBC}") = "ServerLayer", "ServerLayer\ServerLayer.csproj", "{0E831B1B-7F4B-4CAE-B1FB-684D8DFD6BF2}"
EndProject
Project("{FAE04EC0-301F-11D3-BF4B-00C04F79EFBC}") = "EntitySQLite", "EntitySQLite\EntitySQLite.csproj", "{959B25BE-B487-75A2-F732-DCD829952A70}"
EndProject
Project("{FAE04EC0-301F-11D3-BF4B-00C04F79EFBC}") = "Models", "Models\Models.csproj", "{262C6A48-AE34-D77E-44A9-AF0CD30983F0}"
EndProject
Project("{FAE04EC0-301F-11D3-BF4B-00C04F79EFBC}") = "Services", "Services\Services.csproj", "{97207750-6972-232F-BB7B-6106666106AF}"
EndProject
Project("{FAE04EC0-301F-11D3-BF4B-00C04F79EFBC}") = "Interfaces", "Interfaces\Interfaces.csproj", "{C82175DB-FDAF-36DF-F55D-B0F96F20AF6D}"
EndProject
Project("{FAE04EC0-301F-11D3-BF4B-00C04F79EFBC}") = "TestsUnitsReservations", "TestsUnitsReservations\TestsUnitsReservations.csproj", "{CD044FDD-3BF1-40A3-8245-F1C737C69899}"
EndProject
Global
	GlobalSection(SolutionConfigurationPlatforms) = preSolution
		Debug|Any CPU = Debug|Any CPU
		Release|Any CPU = Release|Any CPU
	EndGlobalSection
	GlobalSection(ProjectConfigurationPlatforms) = postSolution
		{7559A311-6BE4-0C94-9958-BB31393B43B4}.Debug|Any CPU.ActiveCfg = Debug|Any CPU
		{7559A311-6BE4-0C94-9958-BB31393B43B4}.Debug|Any CPU.Build.0 = Debug|Any CPU
		{7559A311-6BE4-0C94-9958-BB31393B43B4}.Debug|Any CPU.Deploy.0 = Debug|Any CPU
		{7559A311-6BE4-0C94-9958-BB31393B43B4}.Release|Any CPU.ActiveCfg = Release|Any CPU
		{7559A311-6BE4-0C94-9958-BB31393B43B4}.Release|Any CPU.Build.0 = Release|Any CPU
		{0E831B1B-7F4B-4CAE-B1FB-684D8DFD6BF2}.Debug|Any CPU.ActiveCfg = Debug|Any CPU
		{0E831B1B-7F4B-4CAE-B1FB-684D8DFD6BF2}.Debug|Any CPU.Build.0 = Debug|Any CPU
		{0E831B1B-7F4B-4CAE-B1FB-684D8DFD6BF2}.Release|Any CPU.ActiveCfg = Release|Any CPU
		{0E831B1B-7F4B-4CAE-B1FB-684D8DFD6BF2}.Release|Any CPU.Build.0 = Release|Any CPU
		{959B25BE-B487-75A2-F732-DCD829952A70}.Debug|Any CPU.ActiveCfg = Debug|Any CPU
		{959B25BE-B487-75A2-F732-DCD829952A70}.Debug|Any CPU.Build.0 = Debug|Any CPU
		{959B25BE-B487-75A2-F732-DCD829952A70}.Release|Any CPU.ActiveCfg = Release|Any CPU
		{959B25BE-B487-75A2-F732-DCD829952A70}.Release|Any CPU.Build.0 = Release|Any CPU
		{262C6A48-AE34-D77E-44A9-AF0CD30983F0}.Debug|Any CPU.ActiveCfg = Debug|Any CPU
		{262C6A48-AE34-D77E-44A9-AF0CD30983F0}.Debug|Any CPU.Build.0 = Debug|Any CPU
		{262C6A48-AE34-D77E-44A9-AF0CD30983F0}.Release|Any CPU.ActiveCfg = Release|Any CPU
		{262C6A48-AE34-D77E-44A9-AF0CD30983F0}.Release|Any CPU.Build.0 = Release|Any CPU
		{97207750-6972-232F-BB7B-6106666106AF}.Debug|Any CPU.ActiveCfg = Debug|Any CPU
		{97207750-6972-232F-BB7B-6106666106AF}.Debug|Any CPU.Build.0 = Debug|Any CPU
		{97207750-6972-232F-BB7B-6106666106AF}.Release|Any CPU.ActiveCfg = Release|Any CPU
		{97207750-6972-232F-BB7B-6106666106AF}.Release|Any CPU.Build.0 = Release|Any CPU
		{C82175DB-FDAF-36DF-F55D-B0F96F20AF6D}.Debug|Any CPU.ActiveCfg = Debug|Any CPU
		{C82175DB-FDAF-36DF-F55D-B0F96F20AF6D}.Debug|Any CPU.Build.0 = Debug|Any CPU
		{C82175DB-FDAF-36DF-F55D-B0F96F20AF6D}.Release|Any CPU.ActiveCfg = Release|Any CPU
		{C82175DB-FDAF-36DF-F55D-B0F96F20AF6D}.Release|Any CPU.Build.0 = Release|Any CPU
		{CD044FDD-3BF1-40A3-8245-F1C737C69899}.Debug|Any CPU.ActiveCfg = Debug|Any CPU
		{CD044FDD-3BF1-40A3-8245-F1C737C69899}.Debug|Any CPU.Build.0 = Debug|Any CPU
		{CD044FDD-3BF1-40A3-8245-F1C737C69899}.Release|Any CPU.ActiveCfg = Release|Any CPU
		{CD044FDD-3BF1-40A3-8245-F1C737C69899}.Release|Any CPU.Build.0 = Release|Any CPU
	EndGlobalSection
	GlobalSection(SolutionProperties) = preSolution
		HideSolutionNode = FALSE
	EndGlobalSection
	GlobalSection(ExtensibilityGlobals) = postSolution
		SolutionGuid = {0939FA8D-E63E-4051-8171-14981FE5B458}
	EndGlobalSection
EndGlobal
